
Microsoft Visual Studio Solution File, Format Version 12.00
# Visual Studio 2013
VisualStudioVersion = 12.0.30501.0
MinimumVisualStudioVersion = 10.0.40219.1
Project("{FAE04EC0-301F-11D3-BF4B-00C04F79EFBC}") = "AcspNet", "AcspNet\AcspNet.csproj", "{03B0AE6C-88D0-4D7A-8657-57FC4FD2682A}"
EndProject
Project("{FAE04EC0-301F-11D3-BF4B-00C04F79EFBC}") = "AcspNet.Tests", "AcspNet.Tests\AcspNet.Tests.csproj", "{7E41B115-AEAA-4149-B223-41105F358B11}"
EndProject
Project("{2150E333-8FDC-42A3-9474-1A3956D46DE8}") = "Examples", "Examples", "{11330387-2CFF-4DD4-848E-EBFF0BD67AB7}"
EndProject
Project("{FAE04EC0-301F-11D3-BF4B-00C04F79EFBC}") = "AcspNet.Examples.Database", "Examples\AcspNet.Examples.Database\AcspNet.Examples.Database.csproj", "{C50CCF39-989E-42D4-8AEF-516F76DD52E3}"
EndProject
Project("{FAE04EC0-301F-11D3-BF4B-00C04F79EFBC}") = "AcspNet.Examples.Domain", "Examples\AcspNet.Examples.Domain\AcspNet.Examples.Domain.csproj", "{203A6546-F37D-4AC9-90A4-039E0CC407BE}"
EndProject
Project("{FAE04EC0-301F-11D3-BF4B-00C04F79EFBC}") = "AcspNet.Examples.SelfHosted", "Examples\AcspNet.Examples.SelfHosted\AcspNet.Examples.SelfHosted.csproj", "{9D2032E2-6B56-47DD-86AE-901C1B5AF004}"
EndProject
Project("{FAE04EC0-301F-11D3-BF4B-00C04F79EFBC}") = "AcspNet.Examples.Katana", "Examples\AcspNet.Examples.Katana\AcspNet.Examples.Katana.csproj", "{FFEC9CC8-C3E7-4DEC-B584-9FE5BAF24F2D}"
EndProject
Project("{2150E333-8FDC-42A3-9474-1A3956D46DE8}") = ".nuget", ".nuget", "{7852664A-185C-40D4-B4BE-BF791C49A3C4}"
	ProjectSection(SolutionItems) = preProject
		.nuget\NuGet.Config = .nuget\NuGet.Config
		.nuget\NuGet.exe = .nuget\NuGet.exe
		.nuget\NuGet.targets = .nuget\NuGet.targets
	EndProjectSection
EndProject
Project("{FAE04EC0-301F-11D3-BF4B-00C04F79EFBC}") = "AcspNet.Examples.Nowin", "Examples\AcspNet.Examples.Nowin\AcspNet.Examples.Nowin.csproj", "{B4BC9D42-F91E-441B-8761-DFA09169C694}"
EndProject
Project("{FAE04EC0-301F-11D3-BF4B-00C04F79EFBC}") = "AcspNet.Examples.SiteCore", "Examples\AcspNet.Examples.SiteCore\AcspNet.Examples.SiteCore.csproj", "{64C58056-CFB5-419F-A8E7-65EADA24DFBB}"
EndProject
Project("{FAE04EC0-301F-11D3-BF4B-00C04F79EFBC}") = "AcspNet.Examples.SelfHosted.Tests", "Examples\AcspNet.Examples.SelfHosted.Tests\AcspNet.Examples.SelfHosted.Tests.csproj", "{7276FFD4-BD6E-41DF-A000-7E6857281A02}"
EndProject
Global
	GlobalSection(SolutionConfigurationPlatforms) = preSolution
		Debug|Any CPU = Debug|Any CPU
		Debug|x64 = Debug|x64
		Debug|x86 = Debug|x86
		Release|Any CPU = Release|Any CPU
		Release|x64 = Release|x64
		Release|x86 = Release|x86
	EndGlobalSection
	GlobalSection(ProjectConfigurationPlatforms) = postSolution
		{03B0AE6C-88D0-4D7A-8657-57FC4FD2682A}.Debug|Any CPU.ActiveCfg = Debug|Any CPU
		{03B0AE6C-88D0-4D7A-8657-57FC4FD2682A}.Debug|Any CPU.Build.0 = Debug|Any CPU
		{03B0AE6C-88D0-4D7A-8657-57FC4FD2682A}.Debug|x64.ActiveCfg = Debug|x64
		{03B0AE6C-88D0-4D7A-8657-57FC4FD2682A}.Debug|x64.Build.0 = Debug|x64
		{03B0AE6C-88D0-4D7A-8657-57FC4FD2682A}.Debug|x86.ActiveCfg = Debug|x86
		{03B0AE6C-88D0-4D7A-8657-57FC4FD2682A}.Debug|x86.Build.0 = Debug|x86
		{03B0AE6C-88D0-4D7A-8657-57FC4FD2682A}.Release|Any CPU.ActiveCfg = Release|Any CPU
		{03B0AE6C-88D0-4D7A-8657-57FC4FD2682A}.Release|Any CPU.Build.0 = Release|Any CPU
		{03B0AE6C-88D0-4D7A-8657-57FC4FD2682A}.Release|x64.ActiveCfg = Release|x64
		{03B0AE6C-88D0-4D7A-8657-57FC4FD2682A}.Release|x64.Build.0 = Release|x64
		{03B0AE6C-88D0-4D7A-8657-57FC4FD2682A}.Release|x86.ActiveCfg = Release|Any CPU
		{7E41B115-AEAA-4149-B223-41105F358B11}.Debug|Any CPU.ActiveCfg = Debug|Any CPU
		{7E41B115-AEAA-4149-B223-41105F358B11}.Debug|Any CPU.Build.0 = Debug|Any CPU
		{7E41B115-AEAA-4149-B223-41105F358B11}.Debug|x64.ActiveCfg = Debug|x64
		{7E41B115-AEAA-4149-B223-41105F358B11}.Debug|x64.Build.0 = Debug|x64
		{7E41B115-AEAA-4149-B223-41105F358B11}.Debug|x86.ActiveCfg = Debug|x86
		{7E41B115-AEAA-4149-B223-41105F358B11}.Debug|x86.Build.0 = Debug|x86
		{7E41B115-AEAA-4149-B223-41105F358B11}.Release|Any CPU.ActiveCfg = Release|Any CPU
		{7E41B115-AEAA-4149-B223-41105F358B11}.Release|Any CPU.Build.0 = Release|Any CPU
		{7E41B115-AEAA-4149-B223-41105F358B11}.Release|x64.ActiveCfg = Release|x64
		{7E41B115-AEAA-4149-B223-41105F358B11}.Release|x64.Build.0 = Release|x64
		{7E41B115-AEAA-4149-B223-41105F358B11}.Release|x86.ActiveCfg = Release|x86
		{7E41B115-AEAA-4149-B223-41105F358B11}.Release|x86.Build.0 = Release|x86
		{C50CCF39-989E-42D4-8AEF-516F76DD52E3}.Debug|Any CPU.ActiveCfg = Debug|Any CPU
		{C50CCF39-989E-42D4-8AEF-516F76DD52E3}.Debug|Any CPU.Build.0 = Debug|Any CPU
		{C50CCF39-989E-42D4-8AEF-516F76DD52E3}.Debug|x64.ActiveCfg = Debug|Any CPU
		{C50CCF39-989E-42D4-8AEF-516F76DD52E3}.Debug|x86.ActiveCfg = Debug|Any CPU
		{C50CCF39-989E-42D4-8AEF-516F76DD52E3}.Release|Any CPU.ActiveCfg = Release|Any CPU
		{C50CCF39-989E-42D4-8AEF-516F76DD52E3}.Release|Any CPU.Build.0 = Release|Any CPU
		{C50CCF39-989E-42D4-8AEF-516F76DD52E3}.Release|x64.ActiveCfg = Release|Any CPU
		{C50CCF39-989E-42D4-8AEF-516F76DD52E3}.Release|x86.ActiveCfg = Release|Any CPU
		{203A6546-F37D-4AC9-90A4-039E0CC407BE}.Debug|Any CPU.ActiveCfg = Debug|Any CPU
		{203A6546-F37D-4AC9-90A4-039E0CC407BE}.Debug|Any CPU.Build.0 = Debug|Any CPU
		{203A6546-F37D-4AC9-90A4-039E0CC407BE}.Debug|x64.ActiveCfg = Debug|Any CPU
		{203A6546-F37D-4AC9-90A4-039E0CC407BE}.Debug|x86.ActiveCfg = Debug|Any CPU
		{203A6546-F37D-4AC9-90A4-039E0CC407BE}.Release|Any CPU.ActiveCfg = Release|Any CPU
		{203A6546-F37D-4AC9-90A4-039E0CC407BE}.Release|Any CPU.Build.0 = Release|Any CPU
		{203A6546-F37D-4AC9-90A4-039E0CC407BE}.Release|x64.ActiveCfg = Release|Any CPU
		{203A6546-F37D-4AC9-90A4-039E0CC407BE}.Release|x86.ActiveCfg = Release|Any CPU
		{9D2032E2-6B56-47DD-86AE-901C1B5AF004}.Debug|Any CPU.ActiveCfg = Debug|Any CPU
		{9D2032E2-6B56-47DD-86AE-901C1B5AF004}.Debug|Any CPU.Build.0 = Debug|Any CPU
		{9D2032E2-6B56-47DD-86AE-901C1B5AF004}.Debug|x64.ActiveCfg = Debug|Any CPU
		{9D2032E2-6B56-47DD-86AE-901C1B5AF004}.Debug|x86.ActiveCfg = Debug|Any CPU
		{9D2032E2-6B56-47DD-86AE-901C1B5AF004}.Release|Any CPU.ActiveCfg = Release|Any CPU
		{9D2032E2-6B56-47DD-86AE-901C1B5AF004}.Release|Any CPU.Build.0 = Release|Any CPU
		{9D2032E2-6B56-47DD-86AE-901C1B5AF004}.Release|x64.ActiveCfg = Release|Any CPU
		{9D2032E2-6B56-47DD-86AE-901C1B5AF004}.Release|x86.ActiveCfg = Release|Any CPU
		{FFEC9CC8-C3E7-4DEC-B584-9FE5BAF24F2D}.Debug|Any CPU.ActiveCfg = Debug|Any CPU
		{FFEC9CC8-C3E7-4DEC-B584-9FE5BAF24F2D}.Debug|Any CPU.Build.0 = Debug|Any CPU
		{FFEC9CC8-C3E7-4DEC-B584-9FE5BAF24F2D}.Debug|x64.ActiveCfg = Debug|Any CPU
		{FFEC9CC8-C3E7-4DEC-B584-9FE5BAF24F2D}.Debug|x86.ActiveCfg = Debug|Any CPU
		{FFEC9CC8-C3E7-4DEC-B584-9FE5BAF24F2D}.Release|Any CPU.ActiveCfg = Release|Any CPU
		{FFEC9CC8-C3E7-4DEC-B584-9FE5BAF24F2D}.Release|Any CPU.Build.0 = Release|Any CPU
		{FFEC9CC8-C3E7-4DEC-B584-9FE5BAF24F2D}.Release|x64.ActiveCfg = Release|Any CPU
		{FFEC9CC8-C3E7-4DEC-B584-9FE5BAF24F2D}.Release|x86.ActiveCfg = Release|Any CPU
		{B4BC9D42-F91E-441B-8761-DFA09169C694}.Debug|Any CPU.ActiveCfg = Debug|Any CPU
		{B4BC9D42-F91E-441B-8761-DFA09169C694}.Debug|Any CPU.Build.0 = Debug|Any CPU
		{B4BC9D42-F91E-441B-8761-DFA09169C694}.Debug|x64.ActiveCfg = Debug|Any CPU
		{B4BC9D42-F91E-441B-8761-DFA09169C694}.Debug|x86.ActiveCfg = Debug|Any CPU
		{B4BC9D42-F91E-441B-8761-DFA09169C694}.Release|Any CPU.ActiveCfg = Release|Any CPU
		{B4BC9D42-F91E-441B-8761-DFA09169C694}.Release|Any CPU.Build.0 = Release|Any CPU
		{B4BC9D42-F91E-441B-8761-DFA09169C694}.Release|x64.ActiveCfg = Release|Any CPU
		{B4BC9D42-F91E-441B-8761-DFA09169C694}.Release|x86.ActiveCfg = Release|Any CPU
		{64C58056-CFB5-419F-A8E7-65EADA24DFBB}.Debug|Any CPU.ActiveCfg = Debug|Any CPU
		{64C58056-CFB5-419F-A8E7-65EADA24DFBB}.Debug|Any CPU.Build.0 = Debug|Any CPU
		{64C58056-CFB5-419F-A8E7-65EADA24DFBB}.Debug|x64.ActiveCfg = Debug|Any CPU
		{64C58056-CFB5-419F-A8E7-65EADA24DFBB}.Debug|x86.ActiveCfg = Debug|Any CPU
		{64C58056-CFB5-419F-A8E7-65EADA24DFBB}.Release|Any CPU.ActiveCfg = Release|Any CPU
		{64C58056-CFB5-419F-A8E7-65EADA24DFBB}.Release|Any CPU.Build.0 = Release|Any CPU
		{64C58056-CFB5-419F-A8E7-65EADA24DFBB}.Release|x64.ActiveCfg = Release|Any CPU
		{64C58056-CFB5-419F-A8E7-65EADA24DFBB}.Release|x86.ActiveCfg = Release|Any CPU
		{7276FFD4-BD6E-41DF-A000-7E6857281A02}.Debug|Any CPU.ActiveCfg = Debug|Any CPU
		{7276FFD4-BD6E-41DF-A000-7E6857281A02}.Debug|Any CPU.Build.0 = Debug|Any CPU
		{7276FFD4-BD6E-41DF-A000-7E6857281A02}.Debug|x64.ActiveCfg = Debug|Any CPU
		{7276FFD4-BD6E-41DF-A000-7E6857281A02}.Debug|x86.ActiveCfg = Debug|Any CPU
		{7276FFD4-BD6E-41DF-A000-7E6857281A02}.Release|Any CPU.ActiveCfg = Release|Any CPU
		{7276FFD4-BD6E-41DF-A000-7E6857281A02}.Release|Any CPU.Build.0 = Release|Any CPU
		{7276FFD4-BD6E-41DF-A000-7E6857281A02}.Release|x64.ActiveCfg = Release|Any CPU
		{7276FFD4-BD6E-41DF-A000-7E6857281A02}.Release|x86.ActiveCfg = Release|Any CPU
	EndGlobalSection
	GlobalSection(SolutionProperties) = preSolution
		HideSolutionNode = FALSE
	EndGlobalSection
	GlobalSection(NestedProjects) = preSolution
		{C50CCF39-989E-42D4-8AEF-516F76DD52E3} = {11330387-2CFF-4DD4-848E-EBFF0BD67AB7}
		{203A6546-F37D-4AC9-90A4-039E0CC407BE} = {11330387-2CFF-4DD4-848E-EBFF0BD67AB7}
		{9D2032E2-6B56-47DD-86AE-901C1B5AF004} = {11330387-2CFF-4DD4-848E-EBFF0BD67AB7}
		{FFEC9CC8-C3E7-4DEC-B584-9FE5BAF24F2D} = {11330387-2CFF-4DD4-848E-EBFF0BD67AB7}
		{B4BC9D42-F91E-441B-8761-DFA09169C694} = {11330387-2CFF-4DD4-848E-EBFF0BD67AB7}
		{64C58056-CFB5-419F-A8E7-65EADA24DFBB} = {11330387-2CFF-4DD4-848E-EBFF0BD67AB7}
		{7276FFD4-BD6E-41DF-A000-7E6857281A02} = {11330387-2CFF-4DD4-848E-EBFF0BD67AB7}
	EndGlobalSection
EndGlobal
