
Microsoft Visual Studio Solution File, Format Version 12.00
# Visual Studio 15
VisualStudioVersion = 15.0.28307.168
MinimumVisualStudioVersion = 10.0.40219.1
Project("{9A19103F-16F7-4668-BE54-9A1E7A4F7556}") = "Simplify.Web", "Simplify.Web\Simplify.Web.csproj", "{564A158A-8F54-44B0-94D3-AB308E76BF54}"
EndProject
Project("{9A19103F-16F7-4668-BE54-9A1E7A4F7556}") = "Simplify.Web.Tests", "Simplify.Web.Tests\Simplify.Web.Tests.csproj", "{28CD2ABA-CE93-4BA3-8998-67773ADA1A12}"
EndProject
Project("{2150E333-8FDC-42A3-9474-1A3956D46DE8}") = "Examples", "Examples", "{1C31C731-B848-4CB4-85D0-732931B4BAF7}"
EndProject
Project("{9A19103F-16F7-4668-BE54-9A1E7A4F7556}") = "Simplify.Web.Examples.Angular", "Examples\Simplify.Web.Examples.Angular\Simplify.Web.Examples.Angular.csproj", "{297BDE3B-3D0D-47BF-BE03-DA8EBEA3BCA0}"
EndProject
Project("{9A19103F-16F7-4668-BE54-9A1E7A4F7556}") = "Simplify.Web.Examples.Kestrel", "Examples\Simplify.Web.Examples.Kestrel\Simplify.Web.Examples.Kestrel.csproj", "{A6CE74C8-4B8F-4FFD-8965-FF1FD10C1223}"
EndProject
Project("{9A19103F-16F7-4668-BE54-9A1E7A4F7556}") = "Simplify.Web.Examples.SelfHosted", "Examples\Simplify.Web.Examples.SelfHosted\Simplify.Web.Examples.SelfHosted.csproj", "{04DB085F-82C6-4B50-8A80-69C439F65156}"
EndProject
Project("{9A19103F-16F7-4668-BE54-9A1E7A4F7556}") = "Simplify.Web.Examples.SelfHosted.Tests", "Examples\Simplify.Web.Examples.SelfHosted.Tests\Simplify.Web.Examples.SelfHosted.Tests.csproj", "{29993AE0-F04A-4973-90F4-A0E0B79DC8B6}"
EndProject
Project("{9A19103F-16F7-4668-BE54-9A1E7A4F7556}") = "Simplify.Web.Examples.WindowsService", "Examples\Simplify.Web.Examples.WindowsService\Simplify.Web.Examples.WindowsService.csproj", "{63292204-B3C7-4808-B698-11CE52A73CDF}"
EndProject
Global
	GlobalSection(SolutionConfigurationPlatforms) = preSolution
		Debug|Any CPU = Debug|Any CPU
		Release|Any CPU = Release|Any CPU
	EndGlobalSection
	GlobalSection(ProjectConfigurationPlatforms) = postSolution
		{564A158A-8F54-44B0-94D3-AB308E76BF54}.Debug|Any CPU.ActiveCfg = Debug|Any CPU
		{564A158A-8F54-44B0-94D3-AB308E76BF54}.Debug|Any CPU.Build.0 = Debug|Any CPU
		{564A158A-8F54-44B0-94D3-AB308E76BF54}.Release|Any CPU.ActiveCfg = Release|Any CPU
		{564A158A-8F54-44B0-94D3-AB308E76BF54}.Release|Any CPU.Build.0 = Release|Any CPU
		{28CD2ABA-CE93-4BA3-8998-67773ADA1A12}.Debug|Any CPU.ActiveCfg = Debug|Any CPU
		{28CD2ABA-CE93-4BA3-8998-67773ADA1A12}.Debug|Any CPU.Build.0 = Debug|Any CPU
		{28CD2ABA-CE93-4BA3-8998-67773ADA1A12}.Release|Any CPU.ActiveCfg = Release|Any CPU
		{28CD2ABA-CE93-4BA3-8998-67773ADA1A12}.Release|Any CPU.Build.0 = Release|Any CPU
		{297BDE3B-3D0D-47BF-BE03-DA8EBEA3BCA0}.Debug|Any CPU.ActiveCfg = Debug|Any CPU
		{297BDE3B-3D0D-47BF-BE03-DA8EBEA3BCA0}.Debug|Any CPU.Build.0 = Debug|Any CPU
		{297BDE3B-3D0D-47BF-BE03-DA8EBEA3BCA0}.Release|Any CPU.ActiveCfg = Release|Any CPU
		{297BDE3B-3D0D-47BF-BE03-DA8EBEA3BCA0}.Release|Any CPU.Build.0 = Release|Any CPU
		{A6CE74C8-4B8F-4FFD-8965-FF1FD10C1223}.Debug|Any CPU.ActiveCfg = Debug|Any CPU
		{A6CE74C8-4B8F-4FFD-8965-FF1FD10C1223}.Debug|Any CPU.Build.0 = Debug|Any CPU
		{A6CE74C8-4B8F-4FFD-8965-FF1FD10C1223}.Release|Any CPU.ActiveCfg = Release|Any CPU
		{A6CE74C8-4B8F-4FFD-8965-FF1FD10C1223}.Release|Any CPU.Build.0 = Release|Any CPU
		{04DB085F-82C6-4B50-8A80-69C439F65156}.Debug|Any CPU.ActiveCfg = Debug|Any CPU
		{04DB085F-82C6-4B50-8A80-69C439F65156}.Debug|Any CPU.Build.0 = Debug|Any CPU
		{04DB085F-82C6-4B50-8A80-69C439F65156}.Release|Any CPU.ActiveCfg = Release|Any CPU
		{04DB085F-82C6-4B50-8A80-69C439F65156}.Release|Any CPU.Build.0 = Release|Any CPU
		{29993AE0-F04A-4973-90F4-A0E0B79DC8B6}.Debug|Any CPU.ActiveCfg = Debug|Any CPU
		{29993AE0-F04A-4973-90F4-A0E0B79DC8B6}.Debug|Any CPU.Build.0 = Debug|Any CPU
		{29993AE0-F04A-4973-90F4-A0E0B79DC8B6}.Release|Any CPU.ActiveCfg = Release|Any CPU
		{29993AE0-F04A-4973-90F4-A0E0B79DC8B6}.Release|Any CPU.Build.0 = Release|Any CPU
		{63292204-B3C7-4808-B698-11CE52A73CDF}.Debug|Any CPU.ActiveCfg = Debug|Any CPU
		{63292204-B3C7-4808-B698-11CE52A73CDF}.Debug|Any CPU.Build.0 = Debug|Any CPU
		{63292204-B3C7-4808-B698-11CE52A73CDF}.Release|Any CPU.ActiveCfg = Release|Any CPU
		{63292204-B3C7-4808-B698-11CE52A73CDF}.Release|Any CPU.Build.0 = Release|Any CPU
	EndGlobalSection
	GlobalSection(SolutionProperties) = preSolution
		HideSolutionNode = FALSE
	EndGlobalSection
	GlobalSection(NestedProjects) = preSolution
		{297BDE3B-3D0D-47BF-BE03-DA8EBEA3BCA0} = {1C31C731-B848-4CB4-85D0-732931B4BAF7}
		{A6CE74C8-4B8F-4FFD-8965-FF1FD10C1223} = {1C31C731-B848-4CB4-85D0-732931B4BAF7}
		{04DB085F-82C6-4B50-8A80-69C439F65156} = {1C31C731-B848-4CB4-85D0-732931B4BAF7}
		{29993AE0-F04A-4973-90F4-A0E0B79DC8B6} = {1C31C731-B848-4CB4-85D0-732931B4BAF7}
		{63292204-B3C7-4808-B698-11CE52A73CDF} = {1C31C731-B848-4CB4-85D0-732931B4BAF7}
	EndGlobalSection
	GlobalSection(ExtensibilityGlobals) = postSolution
		SolutionGuid = {B8B38954-EF24-4955-BDDD-55D041B5AC18}
	EndGlobalSection
EndGlobal
